
Microsoft Visual Studio Solution File, Format Version 12.00
# Visual Studio Version 16
VisualStudioVersion = 16.0.30717.126
MinimumVisualStudioVersion = 10.0.40219.1
Project("{2150E333-8FDC-42A3-9474-1A3956D46DE8}") = "src", "src", "{C6E519DE-F613-41BC-ACB6-56A12E31F9AD}"
EndProject
Project("{2150E333-8FDC-42A3-9474-1A3956D46DE8}") = "tests", "tests", "{9C4EAD0D-6ACF-4589-9D65-986C73BD308E}"
EndProject
Project("{9A19103F-16F7-4668-BE54-9A1E7A4F7556}") = "PoseDatabaseWebApi", "src\PoseDatabaseWebApi.csproj", "{CE4244A1-AC27-4F38-9E72-55F0851D8364}"
EndProject
Project("{9A19103F-16F7-4668-BE54-9A1E7A4F7556}") = "PoseDatabaseWebApiXUnitTests", "tests\PoseDatabaseWebApiXUnitTests\PoseDatabaseWebApiXUnitTests.csproj", "{64C51B71-ABEE-461C-9ADC-3E4E26969071}"
EndProject
Global
	GlobalSection(SolutionConfigurationPlatforms) = preSolution
		Debug|Any CPU = Debug|Any CPU
		Release|Any CPU = Release|Any CPU
	EndGlobalSection
	GlobalSection(ProjectConfigurationPlatforms) = postSolution
		{CE4244A1-AC27-4F38-9E72-55F0851D8364}.Debug|Any CPU.ActiveCfg = Debug|Any CPU
		{CE4244A1-AC27-4F38-9E72-55F0851D8364}.Debug|Any CPU.Build.0 = Debug|Any CPU
		{CE4244A1-AC27-4F38-9E72-55F0851D8364}.Release|Any CPU.ActiveCfg = Release|Any CPU
		{CE4244A1-AC27-4F38-9E72-55F0851D8364}.Release|Any CPU.Build.0 = Release|Any CPU
		{64C51B71-ABEE-461C-9ADC-3E4E26969071}.Debug|Any CPU.ActiveCfg = Debug|Any CPU
		{64C51B71-ABEE-461C-9ADC-3E4E26969071}.Debug|Any CPU.Build.0 = Debug|Any CPU
		{64C51B71-ABEE-461C-9ADC-3E4E26969071}.Release|Any CPU.ActiveCfg = Release|Any CPU
		{64C51B71-ABEE-461C-9ADC-3E4E26969071}.Release|Any CPU.Build.0 = Release|Any CPU
	EndGlobalSection
	GlobalSection(SolutionProperties) = preSolution
		HideSolutionNode = FALSE
	EndGlobalSection
	GlobalSection(NestedProjects) = preSolution
		{CE4244A1-AC27-4F38-9E72-55F0851D8364} = {C6E519DE-F613-41BC-ACB6-56A12E31F9AD}
		{64C51B71-ABEE-461C-9ADC-3E4E26969071} = {9C4EAD0D-6ACF-4589-9D65-986C73BD308E}
	EndGlobalSection
	GlobalSection(ExtensibilityGlobals) = postSolution
		SolutionGuid = {BECEF629-C1C2-485D-998C-2C86EFD91387}
	EndGlobalSection
EndGlobal
