
Microsoft Visual Studio Solution File, Format Version 12.00
# Visual Studio Version 16
VisualStudioVersion = 16.0.30717.126
MinimumVisualStudioVersion = 10.0.40219.1
Project("{9A19103F-16F7-4668-BE54-9A1E7A4F7556}") = "PoseDatabaseWebApi", "PoseDatabaseWebApi.csproj", "{DD150BC1-3900-4B2C-99BF-A5660C74F1DC}"
EndProject
Project("{FAE04EC0-301F-11D3-BF4B-00C04F79EFBC}") = "PoseDatabaseWebApiXUnitTests", "..\PoseDatabaseWebApiXUnitTests\PoseDatabaseWebApiXUnitTests.csproj", "{0D6D9BD3-9E57-4C78-BA7C-AC358BB43097}"
EndProject
Global
	GlobalSection(SolutionConfigurationPlatforms) = preSolution
		Debug|Any CPU = Debug|Any CPU
		Release|Any CPU = Release|Any CPU
	EndGlobalSection
	GlobalSection(ProjectConfigurationPlatforms) = postSolution
		{DD150BC1-3900-4B2C-99BF-A5660C74F1DC}.Debug|Any CPU.ActiveCfg = Debug|Any CPU
		{DD150BC1-3900-4B2C-99BF-A5660C74F1DC}.Debug|Any CPU.Build.0 = Debug|Any CPU
		{DD150BC1-3900-4B2C-99BF-A5660C74F1DC}.Release|Any CPU.ActiveCfg = Release|Any CPU
		{DD150BC1-3900-4B2C-99BF-A5660C74F1DC}.Release|Any CPU.Build.0 = Release|Any CPU
		{0D6D9BD3-9E57-4C78-BA7C-AC358BB43097}.Debug|Any CPU.ActiveCfg = Debug|Any CPU
		{0D6D9BD3-9E57-4C78-BA7C-AC358BB43097}.Debug|Any CPU.Build.0 = Debug|Any CPU
		{0D6D9BD3-9E57-4C78-BA7C-AC358BB43097}.Release|Any CPU.ActiveCfg = Release|Any CPU
		{0D6D9BD3-9E57-4C78-BA7C-AC358BB43097}.Release|Any CPU.Build.0 = Release|Any CPU
	EndGlobalSection
	GlobalSection(SolutionProperties) = preSolution
		HideSolutionNode = FALSE
	EndGlobalSection
	GlobalSection(ExtensibilityGlobals) = postSolution
		SolutionGuid = {BECEF629-C1C2-485D-998C-2C86EFD91387}
	EndGlobalSection
EndGlobal
